
Microsoft Visual Studio Solution File, Format Version 12.00
# Visual Studio Version 17
VisualStudioVersion = 17.4.33213.308
MinimumVisualStudioVersion = 10.0.40219.1
Project("{FAE04EC0-301F-11D3-BF4B-00C04F79EFBC}") = "livedemo.Server", "livedemo\Server\livedemo.Server.csproj", "{E7920581-311E-4E84-9263-AFDA1911FF1E}"
EndProject
Project("{FAE04EC0-301F-11D3-BF4B-00C04F79EFBC}") = "livedemo.Client", "livedemo\Client\livedemo.Client.csproj", "{599F570D-F2FC-4A70-AACC-96A69DEFD1BC}"
EndProject
Project("{FAE04EC0-301F-11D3-BF4B-00C04F79EFBC}") = "livedemo.Shared", "livedemo\Shared\livedemo.Shared.csproj", "{4939B1D1-BBF2-4DF1-A80A-E1F476F58468}"
EndProject
Global
	GlobalSection(SolutionConfigurationPlatforms) = preSolution
		Debug|Any CPU = Debug|Any CPU
		Release|Any CPU = Release|Any CPU
	EndGlobalSection
	GlobalSection(ProjectConfigurationPlatforms) = postSolution
		{E7920581-311E-4E84-9263-AFDA1911FF1E}.Debug|Any CPU.ActiveCfg = Debug|Any CPU
		{E7920581-311E-4E84-9263-AFDA1911FF1E}.Debug|Any CPU.Build.0 = Debug|Any CPU
		{E7920581-311E-4E84-9263-AFDA1911FF1E}.Release|Any CPU.ActiveCfg = Release|Any CPU
		{E7920581-311E-4E84-9263-AFDA1911FF1E}.Release|Any CPU.Build.0 = Release|Any CPU
		{599F570D-F2FC-4A70-AACC-96A69DEFD1BC}.Debug|Any CPU.ActiveCfg = Debug|Any CPU
		{599F570D-F2FC-4A70-AACC-96A69DEFD1BC}.Debug|Any CPU.Build.0 = Debug|Any CPU
		{599F570D-F2FC-4A70-AACC-96A69DEFD1BC}.Release|Any CPU.ActiveCfg = Release|Any CPU
		{599F570D-F2FC-4A70-AACC-96A69DEFD1BC}.Release|Any CPU.Build.0 = Release|Any CPU
		{4939B1D1-BBF2-4DF1-A80A-E1F476F58468}.Debug|Any CPU.ActiveCfg = Debug|Any CPU
		{4939B1D1-BBF2-4DF1-A80A-E1F476F58468}.Debug|Any CPU.Build.0 = Debug|Any CPU
		{4939B1D1-BBF2-4DF1-A80A-E1F476F58468}.Release|Any CPU.ActiveCfg = Release|Any CPU
		{4939B1D1-BBF2-4DF1-A80A-E1F476F58468}.Release|Any CPU.Build.0 = Release|Any CPU
	EndGlobalSection
	GlobalSection(SolutionProperties) = preSolution
		HideSolutionNode = FALSE
	EndGlobalSection
	GlobalSection(ExtensibilityGlobals) = postSolution
		SolutionGuid = {0263FE71-F3A6-4136-A16D-66A27CFA24FF}
	EndGlobalSection
EndGlobal
